
Microsoft Visual Studio Solution File, Format Version 12.00
# Visual Studio 2012
Project("{FAE04EC0-301F-11D3-BF4B-00C04F79EFBC}") = "AspBusProject", "AspBusProject\AspBusProject.csproj", "{D488F6B9-7743-4565-80EF-5C4F2FD06A31}"
EndProject
Global
	GlobalSection(SolutionConfigurationPlatforms) = preSolution
		Debug|Any CPU = Debug|Any CPU
		Release|Any CPU = Release|Any CPU
	EndGlobalSection
	GlobalSection(ProjectConfigurationPlatforms) = postSolution
		{D488F6B9-7743-4565-80EF-5C4F2FD06A31}.Debug|Any CPU.ActiveCfg = Debug|Any CPU
		{D488F6B9-7743-4565-80EF-5C4F2FD06A31}.Debug|Any CPU.Build.0 = Debug|Any CPU
		{D488F6B9-7743-4565-80EF-5C4F2FD06A31}.Release|Any CPU.ActiveCfg = Release|Any CPU
		{D488F6B9-7743-4565-80EF-5C4F2FD06A31}.Release|Any CPU.Build.0 = Release|Any CPU
	EndGlobalSection
	GlobalSection(SolutionProperties) = preSolution
		HideSolutionNode = FALSE
	EndGlobalSection
EndGlobal
